github.com/emersion/go-imap v1.2.1 h1:+s9ZjMEjOB8NzZMVTM3cCenz2JrQIGGo5j1df19WjTA=
github.com/emersion/go-imap v1.2.1/go.mod h1:Qlx1FSx2FTxjnjWpIlVNEuX+ylerZQNFE5NsmKFSejY=
github.com/emersion/go-message v0.15.0/go.mod h1:wQUEfE+38+7EW8p8aZ96ptg6bAb1iwdgej19uXASlE4=
github.com/emersion/go-message v0.16.0 h1:uZLz8ClLv3V5fSFF/fFdW9jXjrZkXIpE1Fn8fKx7pO4=
github.com/emersion/go-message v0.16.0/go.mod h1:pDJDgf/xeUIF+eicT6B/hPX/ZbEorKkUMPOxrPVG2eQ=
github.com/emersion/go-sasl v0.0.0-20200509203442-7bfe0ed36a21 h1:OJyUGMJTzHTd1XQp98QTaHernxMYzRaOasRir9hUlFQ=
github.com/emersion/go-sasl v0.0.0-20200509203442-7bfe0ed36a21/go.mod h1:iL2twTeMvZnrg54ZoPDNfJaJaqy0xIQFuBdrLsmspwQ=
github.com/emersion/go-textwrapper v0.0.0-20200911093747-65d896831594 h1:IbFBtwoTQyw0fIM5xv1HF+Y+3ZijDR839WMulgxCcUY=
github.com/emersion/go-textwrapper v0.0.0-20200911093747-65d896831594/go.mod h1:aqO8z8wPrjkscevZJFVE1wXJrLpC5LtJG7fqLOsPb2U=
github.com/fsnotify/fsnotify v1.6.0 h1:n+5WquG0fcWoWp6xPWfHdbskMCQaFnG6PfBrh1Ky4HY=
github.com/fsnotify/fsnotify v1.6.0/go.mod h1:sl3t1tCWJFWoRz9R8WJCbQihKKwmorjAbSClcnxKAGw=
github.com/xgfone/gconf/v6 v6.3.0 h1:3vbjbKJ9h+UkXhJjglPyn/i2ECe6TFzQEgVAjARLX9g=
github.com/xgfone/gconf/v6 v6.3.0/go.mod h1:aHrM2cCFZ9uNHdnctQZQte4ACcwkOGW/RDicrnsu8MU=
github.com/xgfone/go-apiserver v0.32.0 h1:wTfJyDVz2W75gcMvV43z4EPsPOBLhaRpaBihBRge0x4=
github.com/xgfone/go-apiserver v0.32.0/go.mod h1:RixntuIJW9vY/0wo9hcX+KCMKar93pN67DqmCZ5/Nbg=
github.com/xgfone/go-atexit v0.10.0 h1:lFvHqY+4eoKG7qU2goyNF4gLusJfLRHv8muZcrnL/9c=
github.com/xgfone/go-atexit v0.10.0/go.mod h1:yN4Hf2wE06X4kJLL2qxBNKuJHTRdDRoifivfFoKdC8o=
github.com/xgfone/go-atomicvalue v0.2.0 h1:C/28ARO2Nsx1UymHfpxQRxwNwseSDlsgQgsM1VahV6U=
github.com/xgfone/go-atomicvalue v0.2.0/go.mod h1:fAKLVfK1snK0JKAFRsKhIhd220Cg9SSEuvOay6MXs88=
github.com/xgfone/go-binder v0.2.0 h1:oX7buhVAVeQdO5rC/AKxz7sm/75sO7Y8gvlyP06XLSQ=
github.com/xgfone/go-binder v0.2.0/go.mod h1:ipL8u87sMX+VET5QGbPc5FR7eC6AVFKKfyXCA77swvY=
github.com/xgfone/go-cast v0.8.0 h1:LEuxDOUUykxMRQF3pgx7NCRNdzwBrZNyfQH2Kmasfd4=
github.com/xgfone/go-cast v0.8.0/go.mod h1:aHO9rXhmN4IZ4d1UG35+6WEVbg5yyISynFQJCVltrsk=
github.com/xgfone/go-defaults v0.3.0 h1:l1UwwLRIWPMmOzZ4RNR7hALb6sY8zQxeaHwnkRvDMcI=
github.com/xgfone/go-defaults v0.3.0/go.mod h1:zwcnD8escc6E5QrCNKRLQddb4/hcUnUOM20kUeki18Y=
github.com/xgfone/go-exec v0.4.0 h1:FsRyWZktnbmaBhy7QGop7GIEfQlaIo/YCpdaY/uLYkc=
github.com/xgfone/go-exec v0.4.0/go.mod h1:uyASdRqXjtI9NvhLeSXZcKSEL6uJw4SaBxGjh0me0kw=
github.com/xgfone/go-generics v0.1.0 h1:Uw6cqXZJRAa49wvwLF6S+mnuBhFZcCCUSJaNYo0LmMI=
github.com/xgfone/go-generics v0.1.0/go.mod h1:8+Wd/5eVql1eKLRXbMuXi5Q3MZkRAFtiV05wAfVuvqU=
github.com/xgfone/go-http-client v0.12.0 h1:oT6k+EEslvI212eNQ8s0HEV+HZH9RRS8/SLr1psK578=
github.com/xgfone/go-http-client v0.12.0/go.mod h1:eO64VZLtf4gbN1EgFfjQ4zU0AXfn0lTMA5rdtXVvlCc=
github.com/xgfone/go-structs v0.1.0 h1:xsHyQHzroBnFZYLKSwoSDF/7Ghr5a/XqTOTIwCHjhZ4=
github.com/xgfone/go-structs v0.1.0/go.mod h1:4W5xaQ/HEgGkb+HCQjdRYIg/zzQymJr2WXYQpb/O+pE=
github.com/xgfone/goapp v0.47.0 h1:lIHdKFGVEMgJdLobDhzrtiNHqii5vhrS/UYXBJsm2B8=
github.com/xgfone/goapp v0.47.0/go.mod h1:eLcnRf0gqy9Fjm3p9lQ/+aju3OQ2kyssDbEdAIjDgF0=
github.com/xgfone/gover v0.4.0 h1:+4n+7pp79Dd1csfrv4Qh1OCdBMYBJ2b4VoweKK3Eobk=
github.com/xgfone/gover v0.4.0/go.mod h1:yqAjNjXWuDib6SYKFvCdZY13nxkxKRNwIEjNPQFKWHw=
golang.org/x/exp v0.0.0-20230321023759-10a507213a29 h1:ooxPy7fPvB4kwsA2h+iBNHkAbp/4JxTSwCmvdjEYmug=
golang.org/x/exp v0.0.0-20230321023759-10a507213a29/go.mod h1:CxIveKay+FTh1D0yPZemJVgC/95VzuuOLq5Qi4xnoYc=
golang.org/x/sys v0.0.0-20220908164124-27713097b956/go.mod h1:oPkhp1MJrh7nUepCBck5+mAzfO9JrbApNNgaTdGDITg=
golang.org/x/sys v0.5.0 h1:MUK/U/4lj1t1oPg0HfuXDN/Z1wv31ZJ/YcPiGccS4DU=
golang.org/x/sys v0.5.0/go.mod h1:oPkhp1MJrh7nUepCBck5+mAzfO9JrbApNNgaTdGDITg=
golang.org/x/text v0.3.6/go.mod h1:5Zoc/QRtKVWzQhOtBMvqHzDpF6irO9z98xDceosuGiQ=
golang.org/x/text v0.3.7 h1:olpwvP2KacW1ZWvsR7uQhoyTYvKAupfQrRGBFM352Gk=
golang.org/x/text v0.3.7/go.mod h1:u+2+/6zg+i71rQMx5EYifcz6MCKuco9NR6JIITiCfzQ=
golang.org/x/tools v0.0.0-20180917221912-90fa682c2a6e/go.mod h1:n7NCudcB/nEzxVGmLbDWY5pfWTLqBcC2KZ6jyYvM4mQ=
gopkg.in/check.v1 v0.0.0-20161208181325-20d25e280405 h1:yhCVgyC4o1eVCa2tZl7eS0r+SDo693bJlVdllGtEeKM=
gopkg.in/check.v1 v0.0.0-20161208181325-20d25e280405/go.mod h1:Co6ibVJAznAaIkqp8huTwlJQCZ016jof/cbN4VW5Yz0=
gopkg.in/yaml.v2 v2.4.0 h1:D8xgwECY7CYvx+Y2n4sBz93Jn9JRvxdiyyo8CTfuKaY=
gopkg.in/yaml.v2 v2.4.0/go.mod h1:RDklbk79AGWmwhnvt/jBztapEOGDOx6ZbXqjP6csGnQ=
